
Microsoft Visual Studio Solution File, Format Version 12.00
# Visual Studio 15
VisualStudioVersion = 15.0.28010.2046
MinimumVisualStudioVersion = 10.0.40219.1
Project("{FAE04EC0-301F-11D3-BF4B-00C04F79EFBC}") = "DesktopApp", "DesktopApp\DesktopApp.csproj", "{2DEB6D40-6369-484E-A45A-27EC713E8F6D}"
EndProject
Global
	GlobalSection(SolutionConfigurationPlatforms) = preSolution
		Debug|Any CPU = Debug|Any CPU
		Release|Any CPU = Release|Any CPU
	EndGlobalSection
	GlobalSection(ProjectConfigurationPlatforms) = postSolution
		{2DEB6D40-6369-484E-A45A-27EC713E8F6D}.Debug|Any CPU.ActiveCfg = Debug|Any CPU
		{2DEB6D40-6369-484E-A45A-27EC713E8F6D}.Debug|Any CPU.Build.0 = Debug|Any CPU
		{2DEB6D40-6369-484E-A45A-27EC713E8F6D}.Release|Any CPU.ActiveCfg = Release|Any CPU
		{2DEB6D40-6369-484E-A45A-27EC713E8F6D}.Release|Any CPU.Build.0 = Release|Any CPU
	EndGlobalSection
	GlobalSection(SolutionProperties) = preSolution
		HideSolutionNode = FALSE
	EndGlobalSection
	GlobalSection(ExtensibilityGlobals) = postSolution
		SolutionGuid = {1F816BDA-E9FD-4F6A-A5EF-437AA052CF35}
	EndGlobalSection
EndGlobal
